<?xml version="1.0" encoding="utf-8"?>
<Project ToolsVersion="4.0" xmlns="http://schemas.microsoft.com/developer/msbuild/2003">
  <ItemGroup>
    <Filter Include="Source Files">
      <UniqueIdentifier>{4FC737F1-C7A5-4376-A066-2A32D752A2FF}</UniqueIdentifier>
      <Extensions>cpp;c;cc;cxx;c++;cppm;ixx;def;odl;idl;hpj;bat;asm;asmx</Extensions>
    </Filter>
    <Filter Include="Header Files">
      <UniqueIdentifier>{93995380-89BD-4b04-88EB-625FBE52EBFB}</UniqueIdentifier>
      <Extensions>h;hh;hpp;hxx;h++;hm;inl;inc;ipp;xsd</Extensions>
    </Filter>
    <Filter Include="Resource Files">
      <UniqueIdentifier>{67DA6AB6-F800-4c08-8B7A-83BB121AAD01}</UniqueIdentifier>
      <Extensions>rc;ico;cur;bmp;dlg;rc2;rct;bin;rgs;gif;jpg;jpeg;jpe;resx;tiff;tif;png;wav;mfcribbon-ms</Extensions>
    </Filter>
    <Filter Include="configs">
      <UniqueIdentifier>{12c38496-5cb8-4c2e-a4da-f5d80cb6eee5}</UniqueIdentifier>
    </Filter>
  </ItemGroup>
  <ItemGroup>
    <ClCompile Include="main.cpp">
      <Filter>Source Files</Filter>
    </ClCompile>
    <ClCompile Include="MapDisplay.cpp">
      <Filter>Source Files</Filter>
    </ClCompile>
    <ClCompile Include="DisplayRwr.cpp">
      <Filter>Source Files</Filter>
    </ClCompile>
    <ClCompile Include="F16.cpp">
      <Filter>Source Files</Filter>
    </ClCompile>
    <ClCompile Include="MfdDisplay.cpp">
      <Filter>Source Files</Filter>
    </ClCompile>
    <ClCompile Include="MyDisplay.cpp">
      <Filter>Source Files</Filter>
    </ClCompile>
    <ClCompile Include="MySimulation.cpp">
      <Filter>Source Files</Filter>
    </ClCompile>
    <ClCompile Include="MyStation.cpp">
      <Filter>Source Files</Filter>
    </ClCompile>
  </ItemGroup>
  <ItemGroup>
    <ClInclude Include="MapDisplay.hpp">
      <Filter>Header Files</Filter>
    </ClInclude>
    <ClInclude Include="DisplayRwr.hpp">
      <Filter>Header Files</Filter>
    </ClInclude>
    <ClInclude Include="F16.hpp">
      <Filter>Header Files</Filter>
    </ClInclude>
    <ClInclude Include="KeyHandler.hpp">
      <Filter>Header Files</Filter>
    </ClInclude>
    <ClInclude Include="MfdDisplay.hpp">
      <Filter>Header Files</Filter>
    </ClInclude>
    <ClInclude Include="MyDisplay.hpp">
      <Filter>Header Files</Filter>
    </ClInclude>
    <ClInclude Include="MySimulation.hpp">
      <Filter>Header Files</Filter>
    </ClInclude>
    <ClInclude Include="MyStation.hpp">
      <Filter>Header Files</Filter>
    </ClInclude>
  </ItemGroup>
  <ItemGroup>
    <None Include="ADI.epp">
      <Filter>configs</Filter>
    </None>
    <None Include="DefeatScreen.epp">
      <Filter>configs</Filter>
    </None>
    <None Include="endlessLevel.epp">
      <Filter>configs</Filter>
    </None>
    <None Include="gameScreen.epp">
      <Filter>configs</Filter>
    </None>
    <None Include="Hard.epp">
      <Filter>configs</Filter>
    </None>
    <None Include="LevelsTestPage.epp">
      <Filter>configs</Filter>
    </None>
    <None Include="Medium.epp">
      <Filter>configs</Filter>
    </None>
    <None Include="obstacles.epp">
      <Filter>configs</Filter>
    </None>
    <None Include="startScreen.epp">
      <Filter>configs</Filter>
    </None>
    <None Include="station.epp">
      <Filter>configs</Filter>
    </None>
    <None Include="Win.epp">
      <Filter>configs</Filter>
    </None>
  </ItemGroup>
</Project>